
Microsoft Visual Studio Solution File, Format Version 12.00
# Visual Studio Version 16
VisualStudioVersion = 16.0.32630.194
MinimumVisualStudioVersion = 10.0.40219.1
Project("{FAE04EC0-301F-11D3-BF4B-00C04F79EFBC}") = "calculator", "calculator\calculator.csproj", "{4A224CD3-487A-44C9-B15F-EDE638259133}"
EndProject
Project("{FAE04EC0-301F-11D3-BF4B-00C04F79EFBC}") = "calculatorTests", "calculatorTests\calculatorTests.csproj", "{28C5C495-1A4F-4456-B30E-EE8EFFF15963}"
EndProject
Global
	GlobalSection(SolutionConfigurationPlatforms) = preSolution
		Debug|Any CPU = Debug|Any CPU
		Release|Any CPU = Release|Any CPU
	EndGlobalSection
	GlobalSection(ProjectConfigurationPlatforms) = postSolution
		{4A224CD3-487A-44C9-B15F-EDE638259133}.Debug|Any CPU.ActiveCfg = Debug|Any CPU
		{4A224CD3-487A-44C9-B15F-EDE638259133}.Debug|Any CPU.Build.0 = Debug|Any CPU
		{4A224CD3-487A-44C9-B15F-EDE638259133}.Release|Any CPU.ActiveCfg = Release|Any CPU
		{4A224CD3-487A-44C9-B15F-EDE638259133}.Release|Any CPU.Build.0 = Release|Any CPU
		{28C5C495-1A4F-4456-B30E-EE8EFFF15963}.Debug|Any CPU.ActiveCfg = Debug|Any CPU
		{28C5C495-1A4F-4456-B30E-EE8EFFF15963}.Debug|Any CPU.Build.0 = Debug|Any CPU
		{28C5C495-1A4F-4456-B30E-EE8EFFF15963}.Release|Any CPU.ActiveCfg = Release|Any CPU
		{28C5C495-1A4F-4456-B30E-EE8EFFF15963}.Release|Any CPU.Build.0 = Release|Any CPU
	EndGlobalSection
	GlobalSection(SolutionProperties) = preSolution
		HideSolutionNode = FALSE
	EndGlobalSection
	GlobalSection(ExtensibilityGlobals) = postSolution
		SolutionGuid = {2E10A564-0CD6-4733-89D7-0AD430316DD9}
	EndGlobalSection
EndGlobal
